// !$*UTF8*$!
{
	archiveVersion = 1;
	classes = {
	};
	objectVersion = 56;
	objects = {

/* Begin PBXBuildFile section */
		126D083D29E70BCB0043A50D /* PrintText.c in Sources */ = {isa = PBXBuildFile; fileRef = 126D083C29E70BCB0043A50D /* PrintText.c */; };
		12754EB529E000FE00BD9965 /* DynamicArray.c in Sources */ = {isa = PBXBuildFile; fileRef = 12754EB429E000FE00BD9965 /* DynamicArray.c */; };
		12754EB729E0011500BD9965 /* GameOver.c in Sources */ = {isa = PBXBuildFile; fileRef = 12754EB629E0011500BD9965 /* GameOver.c */; };
		12754EB929E00B1600BD9965 /* StartScreen.c in Sources */ = {isa = PBXBuildFile; fileRef = 12754EB829E00B1600BD9965 /* StartScreen.c */; };
		12754EC729E0308500BD9965 /* CollisionWall.c in Sources */ = {isa = PBXBuildFile; fileRef = 12754EC629E0308500BD9965 /* CollisionWall.c */; };
		12754ECA29E030A200BD9965 /* CollisionSelf.c in Sources */ = {isa = PBXBuildFile; fileRef = 12754EC929E030A200BD9965 /* CollisionSelf.c */; };
		12754ECD29E0364300BD9965 /* Fruit.c in Sources */ = {isa = PBXBuildFile; fileRef = 12754ECC29E0364300BD9965 /* Fruit.c */; };
		12754ED029E0365B00BD9965 /* CollisionFruit.c in Sources */ = {isa = PBXBuildFile; fileRef = 12754ECF29E0365B00BD9965 /* CollisionFruit.c */; };
		1295ED7129DB5C44005BB82A /* description.ttf in Resources */ = {isa = PBXBuildFile; fileRef = 1295ED6F29DB5C44005BB82A /* description.ttf */; };
		1295ED7229DB5C44005BB82A /* title.ttf in Resources */ = {isa = PBXBuildFile; fileRef = 1295ED7029DB5C44005BB82A /* title.ttf */; };
		12D8B57129DA0B8B005DE5A1 /* Assets.xcassets in Resources */ = {isa = PBXBuildFile; fileRef = 12D8B57029DA0B8B005DE5A1 /* Assets.xcassets */; };
		12D8B57E29DA0BB3005DE5A1 /* main.c in Sources */ = {isa = PBXBuildFile; fileRef = 12D8B57D29DA0BB3005DE5A1 /* main.c */; };
		12D8B58329DA0C97005DE5A1 /* SDL2.framework in Frameworks */ = {isa = PBXBuildFile; fileRef = 12D8B58229DA0C97005DE5A1 /* SDL2.framework */; };
		12D8B58529DA1439005DE5A1 /* SDL2_ttf.framework in Frameworks */ = {isa = PBXBuildFile; fileRef = 12D8B58429DA1439005DE5A1 /* SDL2_ttf.framework */; };
/* End PBXBuildFile section */

/* Begin PBXFileReference section */
		126D083B29E70BCB0043A50D /* PrintText.h */ = {isa = PBXFileReference; lastKnownFileType = sourcecode.c.h; path = PrintText.h; sourceTree = "<group>"; };
		126D083C29E70BCB0043A50D /* PrintText.c */ = {isa = PBXFileReference; lastKnownFileType = sourcecode.c.c; path = PrintText.c; sourceTree = "<group>"; };
		12754EB429E000FE00BD9965 /* DynamicArray.c */ = {isa = PBXFileReference; fileEncoding = 4; lastKnownFileType = sourcecode.c.c; path = DynamicArray.c; sourceTree = "<group>"; };
		12754EB629E0011500BD9965 /* GameOver.c */ = {isa = PBXFileReference; fileEncoding = 4; lastKnownFileType = sourcecode.c.c; path = GameOver.c; sourceTree = "<group>"; };
		12754EB829E00B1600BD9965 /* StartScreen.c */ = {isa = PBXFileReference; lastKnownFileType = sourcecode.c.c; path = StartScreen.c; sourceTree = "<group>"; };
		12754EC329E0306000BD9965 /* CollisionWall.h */ = {isa = PBXFileReference; lastKnownFileType = sourcecode.c.h; path = CollisionWall.h; sourceTree = "<group>"; };
		12754EC429E0307400BD9965 /* CollisionSelf.h */ = {isa = PBXFileReference; lastKnownFileType = sourcecode.c.h; path = CollisionSelf.h; sourceTree = "<group>"; };
		12754EC629E0308500BD9965 /* CollisionWall.c */ = {isa = PBXFileReference; lastKnownFileType = sourcecode.c.c; path = CollisionWall.c; sourceTree = "<group>"; };
		12754EC929E030A200BD9965 /* CollisionSelf.c */ = {isa = PBXFileReference; lastKnownFileType = sourcecode.c.c; path = CollisionSelf.c; sourceTree = "<group>"; };
		12754ECB29E0364300BD9965 /* Fruit.h */ = {isa = PBXFileReference; lastKnownFileType = sourcecode.c.h; path = Fruit.h; sourceTree = "<group>"; };
		12754ECC29E0364300BD9965 /* Fruit.c */ = {isa = PBXFileReference; lastKnownFileType = sourcecode.c.c; path = Fruit.c; sourceTree = "<group>"; };
		12754ECE29E0365B00BD9965 /* CollisionFruit.h */ = {isa = PBXFileReference; lastKnownFileType = sourcecode.c.h; path = CollisionFruit.h; sourceTree = "<group>"; };
		12754ECF29E0365B00BD9965 /* CollisionFruit.c */ = {isa = PBXFileReference; lastKnownFileType = sourcecode.c.c; path = CollisionFruit.c; sourceTree = "<group>"; };
		1295ED6F29DB5C44005BB82A /* description.ttf */ = {isa = PBXFileReference; lastKnownFileType = file; path = description.ttf; sourceTree = "<group>"; };
		1295ED7029DB5C44005BB82A /* title.ttf */ = {isa = PBXFileReference; lastKnownFileType = file; path = title.ttf; sourceTree = "<group>"; };
		12B5BC1829DC35F7003F6087 /* DynamicArray.h */ = {isa = PBXFileReference; lastKnownFileType = sourcecode.c.h; path = DynamicArray.h; sourceTree = "<group>"; };
		12B5BC1A29DC3871003F6087 /* Block.h */ = {isa = PBXFileReference; lastKnownFileType = sourcecode.c.h; path = Block.h; sourceTree = "<group>"; };
		12B5BC1B29DEF54D003F6087 /* GameOver.h */ = {isa = PBXFileReference; lastKnownFileType = sourcecode.c.h; path = GameOver.h; sourceTree = "<group>"; };
		12D8B56A29DA0B8B005DE5A1 /* Max's Snake.app */ = {isa = PBXFileReference; explicitFileType = wrapper.application; includeInIndex = 0; path = "Max's Snake.app"; sourceTree = BUILT_PRODUCTS_DIR; };
		12D8B57029DA0B8B005DE5A1 /* Assets.xcassets */ = {isa = PBXFileReference; lastKnownFileType = folder.assetcatalog; path = Assets.xcassets; sourceTree = "<group>"; };
		12D8B57729DA0B8B005DE5A1 /* Max_s_Snake.entitlements */ = {isa = PBXFileReference; lastKnownFileType = text.plist.entitlements; path = Max_s_Snake.entitlements; sourceTree = "<group>"; };
		12D8B57D29DA0BB3005DE5A1 /* main.c */ = {isa = PBXFileReference; lastKnownFileType = sourcecode.c.c; path = main.c; sourceTree = "<group>"; };
		12D8B58229DA0C97005DE5A1 /* SDL2.framework */ = {isa = PBXFileReference; lastKnownFileType = wrapper.framework; path = SDL2.framework; sourceTree = "<group>"; };
		12D8B58429DA1439005DE5A1 /* SDL2_ttf.framework */ = {isa = PBXFileReference; lastKnownFileType = wrapper.framework; path = SDL2_ttf.framework; sourceTree = "<group>"; };
		12D8B58629DA157B005DE5A1 /* StartScreen.h */ = {isa = PBXFileReference; lastKnownFileType = sourcecode.c.h; path = StartScreen.h; sourceTree = "<group>"; };
/* End PBXFileReference section */

/* Begin PBXFrameworksBuildPhase section */
		12D8B56729DA0B8B005DE5A1 /* Frameworks */ = {
			isa = PBXFrameworksBuildPhase;
			buildActionMask = 2147483647;
			files = (
				12D8B58529DA1439005DE5A1 /* SDL2_ttf.framework in Frameworks */,
				12D8B58329DA0C97005DE5A1 /* SDL2.framework in Frameworks */,
			);
			runOnlyForDeploymentPostprocessing = 0;
		};
/* End PBXFrameworksBuildPhase section */

/* Begin PBXGroup section */
		12754EBF29E02EFF00BD9965 /* src */ = {
			isa = PBXGroup;
			children = (
				12754EB829E00B1600BD9965 /* StartScreen.c */,
				12754EB629E0011500BD9965 /* GameOver.c */,
				12754EB429E000FE00BD9965 /* DynamicArray.c */,
				12754EC629E0308500BD9965 /* CollisionWall.c */,
				126D083C29E70BCB0043A50D /* PrintText.c */,
				12754ECF29E0365B00BD9965 /* CollisionFruit.c */,
				12754ECC29E0364300BD9965 /* Fruit.c */,
				12754EC929E030A200BD9965 /* CollisionSelf.c */,
			);
			path = src;
			sourceTree = "<group>";
		};
		12754EC129E02F6000BD9965 /* fonts */ = {
			isa = PBXGroup;
			children = (
				1295ED7029DB5C44005BB82A /* title.ttf */,
				1295ED6F29DB5C44005BB82A /* description.ttf */,
			);
			path = fonts;
			sourceTree = "<group>";
		};
		12754EC229E02FA100BD9965 /* inc */ = {
			isa = PBXGroup;
			children = (
				12B5BC1A29DC3871003F6087 /* Block.h */,
				12B5BC1B29DEF54D003F6087 /* GameOver.h */,
				12B5BC1829DC35F7003F6087 /* DynamicArray.h */,
				12D8B58629DA157B005DE5A1 /* StartScreen.h */,
				12754EC329E0306000BD9965 /* CollisionWall.h */,
				12754ECE29E0365B00BD9965 /* CollisionFruit.h */,
				12754EC429E0307400BD9965 /* CollisionSelf.h */,
				126D083B29E70BCB0043A50D /* PrintText.h */,
				12754ECB29E0364300BD9965 /* Fruit.h */,
			);
			path = inc;
			sourceTree = "<group>";
		};
		12D8B56129DA0B8B005DE5A1 = {
			isa = PBXGroup;
			children = (
				12D8B56C29DA0B8B005DE5A1 /* Max's Snake */,
				12D8B56B29DA0B8B005DE5A1 /* Products */,
				12D8B58129DA0C97005DE5A1 /* Frameworks */,
			);
			sourceTree = "<group>";
		};
		12D8B56B29DA0B8B005DE5A1 /* Products */ = {
			isa = PBXGroup;
			children = (
				12D8B56A29DA0B8B005DE5A1 /* Max's Snake.app */,
			);
			name = Products;
			sourceTree = "<group>";
		};
		12D8B56C29DA0B8B005DE5A1 /* Max's Snake */ = {
			isa = PBXGroup;
			children = (
				12D8B57029DA0B8B005DE5A1 /* Assets.xcassets */,
				12D8B57D29DA0BB3005DE5A1 /* main.c */,
				12754EC229E02FA100BD9965 /* inc */,
				12754EBF29E02EFF00BD9965 /* src */,
				12754EC129E02F6000BD9965 /* fonts */,
				12D8B57729DA0B8B005DE5A1 /* Max_s_Snake.entitlements */,
			);
			path = "Max's Snake";
			sourceTree = "<group>";
		};
		12D8B58129DA0C97005DE5A1 /* Frameworks */ = {
			isa = PBXGroup;
			children = (
				12D8B58429DA1439005DE5A1 /* SDL2_ttf.framework */,
				12D8B58229DA0C97005DE5A1 /* SDL2.framework */,
			);
			name = Frameworks;
			sourceTree = "<group>";
		};
/* End PBXGroup section */

/* Begin PBXNativeTarget section */
		12D8B56929DA0B8B005DE5A1 /* Max's Snake */ = {
			isa = PBXNativeTarget;
			buildConfigurationList = 12D8B57A29DA0B8C005DE5A1 /* Build configuration list for PBXNativeTarget "Max's Snake" */;
			buildPhases = (
				12D8B56629DA0B8B005DE5A1 /* Sources */,
				12D8B56729DA0B8B005DE5A1 /* Frameworks */,
				12D8B56829DA0B8B005DE5A1 /* Resources */,
			);
			buildRules = (
			);
			dependencies = (
			);
			name = "Max's Snake";
			productName = "Max's Snake";
			productReference = 12D8B56A29DA0B8B005DE5A1 /* Max's Snake.app */;
			productType = "com.apple.product-type.application";
		};
/* End PBXNativeTarget section */

/* Begin PBXProject section */
		12D8B56229DA0B8B005DE5A1 /* Project object */ = {
			isa = PBXProject;
			attributes = {
				BuildIndependentTargetsInParallel = 1;
				LastUpgradeCheck = 1430;
				TargetAttributes = {
					12D8B56929DA0B8B005DE5A1 = {
						CreatedOnToolsVersion = 14.3;
					};
				};
			};
			buildConfigurationList = 12D8B56529DA0B8B005DE5A1 /* Build configuration list for PBXProject "Max's Snake" */;
			compatibilityVersion = "Xcode 14.0";
			developmentRegion = en;
			hasScannedForEncodings = 0;
			knownRegions = (
				en,
				Base,
			);
			mainGroup = 12D8B56129DA0B8B005DE5A1;
			productRefGroup = 12D8B56B29DA0B8B005DE5A1 /* Products */;
			projectDirPath = "";
			projectRoot = "";
			targets = (
				12D8B56929DA0B8B005DE5A1 /* Max's Snake */,
			);
		};
/* End PBXProject section */

/* Begin PBXResourcesBuildPhase section */
		12D8B56829DA0B8B005DE5A1 /* Resources */ = {
			isa = PBXResourcesBuildPhase;
			buildActionMask = 2147483647;
			files = (
				12D8B57129DA0B8B005DE5A1 /* Assets.xcassets in Resources */,
				1295ED7129DB5C44005BB82A /* description.ttf in Resources */,
				1295ED7229DB5C44005BB82A /* title.ttf in Resources */,
			);
			runOnlyForDeploymentPostprocessing = 0;
		};
/* End PBXResourcesBuildPhase section */

/* Begin PBXSourcesBuildPhase section */
		12D8B56629DA0B8B005DE5A1 /* Sources */ = {
			isa = PBXSourcesBuildPhase;
			buildActionMask = 2147483647;
			files = (
				12754EB929E00B1600BD9965 /* StartScreen.c in Sources */,
				12754EC729E0308500BD9965 /* CollisionWall.c in Sources */,
				12D8B57E29DA0BB3005DE5A1 /* main.c in Sources */,
				12754EB729E0011500BD9965 /* GameOver.c in Sources */,
				12754ECA29E030A200BD9965 /* CollisionSelf.c in Sources */,
				12754ECD29E0364300BD9965 /* Fruit.c in Sources */,
				12754EB529E000FE00BD9965 /* DynamicArray.c in Sources */,
				126D083D29E70BCB0043A50D /* PrintText.c in Sources */,
				12754ED029E0365B00BD9965 /* CollisionFruit.c in Sources */,
			);
			runOnlyForDeploymentPostprocessing = 0;
		};
/* End PBXSourcesBuildPhase section */

/* Begin XCBuildConfiguration section */
		12D8B57829DA0B8B005DE5A1 /* Debug */ = {
			isa = XCBuildConfiguration;
			buildSettings = {
				ALWAYS_SEARCH_USER_PATHS = NO;
				CLANG_ANALYZER_NONNULL = YES;
				CLANG_ANALYZER_NUMBER_OBJECT_CONVERSION = YES_AGGRESSIVE;
				CLANG_CXX_LANGUAGE_STANDARD = "gnu++20";
				CLANG_ENABLE_MODULES = YES;
				CLANG_ENABLE_OBJC_ARC = YES;
				CLANG_ENABLE_OBJC_WEAK = YES;
				CLANG_WARN_BLOCK_CAPTURE_AUTORELEASING = YES;
				CLANG_WARN_BOOL_CONVERSION = YES;
				CLANG_WARN_COMMA = YES;
				CLANG_WARN_CONSTANT_CONVERSION = YES;
				CLANG_WARN_DEPRECATED_OBJC_IMPLEMENTATIONS = YES;
				CLANG_WARN_DIRECT_OBJC_ISA_USAGE = YES_ERROR;
				CLANG_WARN_DOCUMENTATION_COMMENTS = YES;
				CLANG_WARN_EMPTY_BODY = YES;
				CLANG_WARN_ENUM_CONVERSION = YES;
				CLANG_WARN_INFINITE_RECURSION = YES;
				CLANG_WARN_INT_CONVERSION = YES;
				CLANG_WARN_NON_LITERAL_NULL_CONVERSION = YES;
				CLANG_WARN_OBJC_IMPLICIT_RETAIN_SELF = YES;
				CLANG_WARN_OBJC_LITERAL_CONVERSION = YES;
				CLANG_WARN_OBJC_ROOT_CLASS = YES_ERROR;
				CLANG_WARN_QUOTED_INCLUDE_IN_FRAMEWORK_HEADER = YES;
				CLANG_WARN_RANGE_LOOP_ANALYSIS = YES;
				CLANG_WARN_STRICT_PROTOTYPES = YES;
				CLANG_WARN_SUSPICIOUS_MOVE = YES;
				CLANG_WARN_UNGUARDED_AVAILABILITY = YES_AGGRESSIVE;
				CLANG_WARN_UNREACHABLE_CODE = YES;
				CLANG_WARN__DUPLICATE_METHOD_MATCH = YES;
				COPY_PHASE_STRIP = NO;
				DEBUG_INFORMATION_FORMAT = dwarf;
				ENABLE_STRICT_OBJC_MSGSEND = YES;
				ENABLE_TESTABILITY = YES;
				GCC_C_LANGUAGE_STANDARD = gnu11;
				GCC_DYNAMIC_NO_PIC = NO;
				GCC_NO_COMMON_BLOCKS = YES;
				GCC_OPTIMIZATION_LEVEL = 0;
				GCC_PREPROCESSOR_DEFINITIONS = (
					"DEBUG=1",
					"$(inherited)",
				);
				GCC_WARN_64_TO_32_BIT_CONVERSION = YES;
				GCC_WARN_ABOUT_RETURN_TYPE = YES_ERROR;
				GCC_WARN_UNDECLARED_SELECTOR = YES;
				GCC_WARN_UNINITIALIZED_AUTOS = YES_AGGRESSIVE;
				GCC_WARN_UNUSED_FUNCTION = YES;
				GCC_WARN_UNUSED_VARIABLE = YES;
				MACOSX_DEPLOYMENT_TARGET = 13.2;
				MTL_ENABLE_DEBUG_INFO = INCLUDE_SOURCE;
				MTL_FAST_MATH = YES;
				ONLY_ACTIVE_ARCH = YES;
				SDKROOT = macosx;
			};
			name = Debug;
		};
		12D8B57929DA0B8C005DE5A1 /* Release */ = {
			isa = XCBuildConfiguration;
			buildSettings = {
				ALWAYS_SEARCH_USER_PATHS = NO;
				CLANG_ANALYZER_NONNULL = YES;
				CLANG_ANALYZER_NUMBER_OBJECT_CONVERSION = YES_AGGRESSIVE;
				CLANG_CXX_LANGUAGE_STANDARD = "gnu++20";
				CLANG_ENABLE_MODULES = YES;
				CLANG_ENABLE_OBJC_ARC = YES;
				CLANG_ENABLE_OBJC_WEAK = YES;
				CLANG_WARN_BLOCK_CAPTURE_AUTORELEASING = YES;
				CLANG_WARN_BOOL_CONVERSION = YES;
				CLANG_WARN_COMMA = YES;
				CLANG_WARN_CONSTANT_CONVERSION = YES;
				CLANG_WARN_DEPRECATED_OBJC_IMPLEMENTATIONS = YES;
				CLANG_WARN_DIRECT_OBJC_ISA_USAGE = YES_ERROR;
				CLANG_WARN_DOCUMENTATION_COMMENTS = YES;
				CLANG_WARN_EMPTY_BODY = YES;
				CLANG_WARN_ENUM_CONVERSION = YES;
				CLANG_WARN_INFINITE_RECURSION = YES;
				CLANG_WARN_INT_CONVERSION = YES;
				CLANG_WARN_NON_LITERAL_NULL_CONVERSION = YES;
				CLANG_WARN_OBJC_IMPLICIT_RETAIN_SELF = YES;
				CLANG_WARN_OBJC_LITERAL_CONVERSION = YES;
				CLANG_WARN_OBJC_ROOT_CLASS = YES_ERROR;
				CLANG_WARN_QUOTED_INCLUDE_IN_FRAMEWORK_HEADER = YES;
				CLANG_WARN_RANGE_LOOP_ANALYSIS = YES;
				CLANG_WARN_STRICT_PROTOTYPES = YES;
				CLANG_WARN_SUSPICIOUS_MOVE = YES;
				CLANG_WARN_UNGUARDED_AVAILABILITY = YES_AGGRESSIVE;
				CLANG_WARN_UNREACHABLE_CODE = YES;
				CLANG_WARN__DUPLICATE_METHOD_MATCH = YES;
				COPY_PHASE_STRIP = NO;
				DEBUG_INFORMATION_FORMAT = "dwarf-with-dsym";
				ENABLE_NS_ASSERTIONS = NO;
				ENABLE_STRICT_OBJC_MSGSEND = YES;
				GCC_C_LANGUAGE_STANDARD = gnu11;
				GCC_NO_COMMON_BLOCKS = YES;
				GCC_WARN_64_TO_32_BIT_CONVERSION = YES;
				GCC_WARN_ABOUT_RETURN_TYPE = YES_ERROR;
				GCC_WARN_UNDECLARED_SELECTOR = YES;
				GCC_WARN_UNINITIALIZED_AUTOS = YES_AGGRESSIVE;
				GCC_WARN_UNUSED_FUNCTION = YES;
				GCC_WARN_UNUSED_VARIABLE = YES;
				MACOSX_DEPLOYMENT_TARGET = 13.2;
				MTL_ENABLE_DEBUG_INFO = NO;
				MTL_FAST_MATH = YES;
				SDKROOT = macosx;
			};
			name = Release;
		};
		12D8B57B29DA0B8C005DE5A1 /* Debug */ = {
			isa = XCBuildConfiguration;
			buildSettings = {
				ASSETCATALOG_COMPILER_APPICON_NAME = AppIcon;
				ASSETCATALOG_COMPILER_GLOBAL_ACCENT_COLOR_NAME = AccentColor;
				CODE_SIGN_ENTITLEMENTS = "Max's Snake/Max_s_Snake.entitlements";
				CODE_SIGN_STYLE = Automatic;
				COMBINE_HIDPI_IMAGES = YES;
				CURRENT_PROJECT_VERSION = 1;
				DEVELOPMENT_TEAM = TKH5UBCLB2;
				ENABLE_HARDENED_RUNTIME = YES;
				FRAMEWORK_SEARCH_PATHS = (
					"$(inherited)",
					"$(PROJECT_DIR)",
				);
				GENERATE_INFOPLIST_FILE = YES;
				INFOPLIST_FILE = "Max-s-Snake-Info.plist";
				INFOPLIST_KEY_NSHumanReadableCopyright = "";
				INFOPLIST_KEY_NSMainNibFile = MainMenu;
				INFOPLIST_KEY_NSPrincipalClass = NSApplication;
				LD_RUNPATH_SEARCH_PATHS = (
					"$(inherited)",
					"@executable_path/../Frameworks",
				);
				MARKETING_VERSION = 1.0;
				PRODUCT_BUNDLE_IDENTIFIER = "com.maxraulea.Max-s-Snake";
				PRODUCT_NAME = "$(TARGET_NAME)";
				SWIFT_EMIT_LOC_STRINGS = YES;
			};
			name = Debug;
		};
		12D8B57C29DA0B8C005DE5A1 /* Release */ = {
			isa = XCBuildConfiguration;
			buildSettings = {
				ASSETCATALOG_COMPILER_APPICON_NAME = AppIcon;
				ASSETCATALOG_COMPILER_GLOBAL_ACCENT_COLOR_NAME = AccentColor;
				CODE_SIGN_ENTITLEMENTS = "Max's Snake/Max_s_Snake.entitlements";
				CODE_SIGN_STYLE = Automatic;
				COMBINE_HIDPI_IMAGES = YES;
				CURRENT_PROJECT_VERSION = 1;
				DEVELOPMENT_TEAM = TKH5UBCLB2;
				ENABLE_HARDENED_RUNTIME = YES;
				FRAMEWORK_SEARCH_PATHS = (
					"$(inherited)",
					"$(PROJECT_DIR)",
				);
				GENERATE_INFOPLIST_FILE = YES;
				INFOPLIST_FILE = "Max-s-Snake-Info.plist";
				INFOPLIST_KEY_NSHumanReadableCopyright = "";
				INFOPLIST_KEY_NSMainNibFile = MainMenu;
				INFOPLIST_KEY_NSPrincipalClass = NSApplication;
				LD_RUNPATH_SEARCH_PATHS = (
					"$(inherited)",
					"@executable_path/../Frameworks",
				);
				MARKETING_VERSION = 1.0;
				PRODUCT_BUNDLE_IDENTIFIER = "com.maxraulea.Max-s-Snake";
				PRODUCT_NAME = "$(TARGET_NAME)";
				SWIFT_EMIT_LOC_STRINGS = YES;
			};
			name = Release;
		};
/* End XCBuildConfiguration section */

/* Begin XCConfigurationList section */
		12D8B56529DA0B8B005DE5A1 /* Build configuration list for PBXProject "Max's Snake" */ = {
			isa = XCConfigurationList;
			buildConfigurations = (
				12D8B57829DA0B8B005DE5A1 /* Debug */,
				12D8B57929DA0B8C005DE5A1 /* Release */,
			);
			defaultConfigurationIsVisible = 0;
			defaultConfigurationName = Release;
		};
		12D8B57A29DA0B8C005DE5A1 /* Build configuration list for PBXNativeTarget "Max's Snake" */ = {
			isa = XCConfigurationList;
			buildConfigurations = (
				12D8B57B29DA0B8C005DE5A1 /* Debug */,
				12D8B57C29DA0B8C005DE5A1 /* Release */,
			);
			defaultConfigurationIsVisible = 0;
			defaultConfigurationName = Release;
		};
/* End XCConfigurationList section */
	};
	rootObject = 12D8B56229DA0B8B005DE5A1 /* Project object */;
}
